
Microsoft Visual Studio Solution File, Format Version 12.00
# Visual Studio Version 17
VisualStudioVersion = 17.6.33513.286
MinimumVisualStudioVersion = 10.0.40219.1
Project("{FAE04EC0-301F-11D3-BF4B-00C04F79EFBC}") = "LeetCodeEasy_2_PalindromeNumber", "LeetCodeEasy_2_PalindromeNumber\LeetCodeEasy_2_PalindromeNumber.csproj", "{866F424C-2CE7-477A-9BE8-B7A3F955C0E6}"
EndProject
Global
	GlobalSection(SolutionConfigurationPlatforms) = preSolution
		Debug|Any CPU = Debug|Any CPU
		Release|Any CPU = Release|Any CPU
	EndGlobalSection
	GlobalSection(ProjectConfigurationPlatforms) = postSolution
		{866F424C-2CE7-477A-9BE8-B7A3F955C0E6}.Debug|Any CPU.ActiveCfg = Debug|Any CPU
		{866F424C-2CE7-477A-9BE8-B7A3F955C0E6}.Debug|Any CPU.Build.0 = Debug|Any CPU
		{866F424C-2CE7-477A-9BE8-B7A3F955C0E6}.Release|Any CPU.ActiveCfg = Release|Any CPU
		{866F424C-2CE7-477A-9BE8-B7A3F955C0E6}.Release|Any CPU.Build.0 = Release|Any CPU
	EndGlobalSection
	GlobalSection(SolutionProperties) = preSolution
		HideSolutionNode = FALSE
	EndGlobalSection
	GlobalSection(ExtensibilityGlobals) = postSolution
		SolutionGuid = {AA08A7DA-166E-4ABA-A464-940061708B3E}
	EndGlobalSection
EndGlobal
